PODS:
  - Cartography (1.1.0)
  - Chirp (1.1.1)
  - Device (3.0.1)
  - Doorbell (0.0.8)
  - Emoji-swift (0.1.0)
  - FCAlertView (1.4.0)
  - FDWaveformView (5.0.1)
  - FontAwesomeKit (2.2.1):
    - FontAwesomeKit/Core (= 2.2.1)
    - FontAwesomeKit/FontAwesome (= 2.2.1)
    - FontAwesomeKit/FoundationIcons (= 2.2.1)
    - FontAwesomeKit/IonIcons (= 2.2.1)
    - FontAwesomeKit/Material (= 2.2.1)
    - FontAwesomeKit/Octicons (= 2.2.1)
    - FontAwesomeKit/Zocial (= 2.2.1)
  - FontAwesomeKit/Core (2.2.1)
  - FontAwesomeKit/FontAwesome (2.2.1):
    - FontAwesomeKit/Core
  - FontAwesomeKit/FoundationIcons (2.2.1):
    - FontAwesomeKit/Core
  - FontAwesomeKit/IonIcons (2.2.1):
    - FontAwesomeKit/Core
  - FontAwesomeKit/Material (2.2.1):
    - FontAwesomeKit/Core
  - FontAwesomeKit/Octicons (2.2.1):
    - FontAwesomeKit/Core
  - FontAwesomeKit/Zocial (2.2.1):
    - FontAwesomeKit/Core
  - HTPressableButton (1.3.3):
    - HTPressableButton/All (= 1.3.3)
  - HTPressableButton/All (1.3.3)
  - Hue (2.0.1)
  - KDCircularProgress (1.5.2)
  - LLSpinner (0.0.1)
  - LxThroughPointsBezier (1.0.0)
  - MZTimerLabel (0.5.4)
  - Player (0.5.1)
  - RZTransitions (1.2.1)
  - Shift (0.2.0)
  - SwiftyButton (0.6.0)
  - SwiftyCam (2.3.0)
  - SwiftyStoreKit (0.10.8)
  - SwiftyTimer (2.0.0)

DEPENDENCIES:
  - Cartography
  - Chirp (from `https://github.com/andreamazz/Chirp`)
  - Device (~> 3.0.1)
  - Doorbell
  - Emoji-swift
  - FCAlertView
  - FDWaveformView
  - FontAwesomeKit (~> 2.2.0)
  - HTPressableButton
  - Hue
  - KDCircularProgress
  - LLSpinner
  - LxThroughPointsBezier (~> 1.0.0)
  - MZTimerLabel
  - Player
  - RZTransitions
  - Shift
  - SwiftyButton
  - SwiftyCam (from `git@github.com:Awalz/SwiftyCam.git`, branch `2.4.0`)
  - SwiftyStoreKit
  - SwiftyTimer

SPEC REPOS:
  trunk:
    - Cartography
    - Device
    - DynamicButton
    - FCAlertView
    - FDWaveformView
    - FontAwesomeKit
    - Hue
    - JTFadingInfoView
    - KDCircularProgress
    - Overlap
    - Pitchy
    - Player
    - Presentr
    - Pulsator
    - SwiftyButton
    - SwiftyTimer
    - VIMVideoPlayer

EXTERNAL SOURCES:
  Chirp:
    :git: https://github.com/andreamazz/Chirp
  SwiftyCam:
    :branch: 4.0.0
    :git: "git@github.com:Awalz/SwiftyCam.git"
  VideoViewController:
    :git: "git@github.com:paubins/Periscope-VideoViewController.git"

CHECKOUT OPTIONS:
  Chirp:
    :commit: cc34548a179bf3eabb514e74717bc2122eddfb12
    :git: https://github.com/andreamazz/Chirp
  SwiftyCam:
    :commit: c3dab301b395a267f78e894924bd39257ee5979b
    :git: "git@github.com:Awalz/SwiftyCam.git"
  VideoViewController:
    :commit: cff3fa1153d196e89a17664905e1bb2d478884a4
    :git: "git@github.com:paubins/Periscope-VideoViewController.git"

SPEC CHECKSUMS:
  Cartography: 0538ccb4044acbbda2266335fc58cb4228794d90
  Chirp: e06920df90dd33b3e74c988c58f621a8a1e41e7d
  Device: c793851589633bc515b65e08a2b5a223bc87c45a
  Doorbell: 525f5e527d8a65959cb939d2083e7d78e32a1ab2
  Emoji-swift: 20010383183f4d85e6e5a2b9642b96ebdb4f06ae
  FCAlertView: fdddd63381898c1d1a5a20c9f084fbd2c6d12f8b
  FDWaveformView: c188be613947273cc83d6f0056505f60e6c4b9ac
  FontAwesomeKit: 3614979b3dbb0ec3f7fac1bd760b91f66c31db67
  HTPressableButton: 3109ba7972247ddbd387c8a22b0341b02369b31e
  Hue: 354caec055fdc9d38b5ef33ca2e7224721843baf
  KDCircularProgress: 12f677b2deb02409ab48c6cae1898d146b8ad549
  LLSpinner: 0ed607d59b3a447ddd157c29ef684de7a5a285ad
  LxThroughPointsBezier: fdebe18dd4ddab9406d9827db77a078b4738b00f
  MZTimerLabel: cd9bfb9304540ef2a9e163384fca9c978f0dbf83
  Player: 7bd61af457e558edf938066b03760f035a520837
  RZTransitions: 0e0013fda6989ee84dc5e44dca79fd539e1a975a
  Shift: 489e20a2a95c4ca3ee80fab152cd80a5369c5110
  SwiftyButton: 4c9b61c499f172971a1b8c2eebbbdc20a26d8a08
  SwiftyCam: e460d1b253d26fb12ed2f6a00aa42bcd1e39e751
  SwiftyStoreKit: 8c193678fabbaafb4430a536497613f89fefd7ec
  SwiftyTimer: 2efd74b060d69ad4f1496baf5bbedbe132125fcf

PODFILE CHECKSUM: 0ec3d28c11847cd5621f5efd86053369399da102

COCOAPODS: 1.8.4
