// !$*UTF8*$!
{
	archiveVersion = 1;
	classes = {
	};
	objectVersion = 46;
	objects = {

/* Begin PBXBuildFile section */
		5FE3C8311ED3A8AB0027348C /* AppDelegate.swift in Sources */ = {isa = PBXBuildFile; fileRef = 5FE3C8301ED3A8AB0027348C /* AppDelegate.swift */; };
		5FE3C8331ED3A8AB0027348C /* ViewController.swift in Sources */ = {isa = PBXBuildFile; fileRef = 5FE3C8321ED3A8AB0027348C /* ViewController.swift */; };
		5FE3C8361ED3A8AB0027348C /* Main.storyboard in Resources */ = {isa = PBXBuildFile; fileRef = 5FE3C8341ED3A8AB0027348C /* Main.storyboard */; };
		5FE3C8381ED3A8AB0027348C /* Assets.xcassets in Resources */ = {isa = PBXBuildFile; fileRef = 5FE3C8371ED3A8AB0027348C /* Assets.xcassets */; };
		5FE3C83B1ED3A8AB0027348C /* LaunchScreen.storyboard in Resources */ = {isa = PBXBuildFile; fileRef = 5FE3C8391ED3A8AB0027348C /* LaunchScreen.storyboard */; };
		5FE3C8461ED3E6C30027348C /* CameraView.swift in Sources */ = {isa = PBXBuildFile; fileRef = 5FE3C8451ED3E6C30027348C /* CameraView.swift */; };
		5FE3C8481ED3E7970027348C /* ExportView.swift in Sources */ = {isa = PBXBuildFile; fileRef = 5FE3C8471ED3E7970027348C /* ExportView.swift */; };
		5FE3C84A1ED3E8110027348C /* PlayButtonsView.swift in Sources */ = {isa = PBXBuildFile; fileRef = 5FE3C8491ED3E8110027348C /* PlayButtonsView.swift */; };
		5FE3C84C1ED3E8940027348C /* ScrubberView.swift in Sources */ = {isa = PBXBuildFile; fileRef = 5FE3C84B1ED3E8940027348C /* ScrubberView.swift */; };
		5FE3C84E1ED3E8F40027348C /* ProgressView.swift in Sources */ = {isa = PBXBuildFile; fileRef = 5FE3C84D1ED3E8F40027348C /* ProgressView.swift */; };
		5FE3C8521ED40CBD0027348C /* UIView+.swift in Sources */ = {isa = PBXBuildFile; fileRef = 5FE3C8511ED40CBD0027348C /* UIView+.swift */; };
		5FE3C8541ED41F6C0027348C /* PlaybackBarView.swift in Sources */ = {isa = PBXBuildFile; fileRef = 5FE3C8531ED41F6C0027348C /* PlaybackBarView.swift */; };
		5FE3C8571ED48E220027348C /* test.mp4 in Resources */ = {isa = PBXBuildFile; fileRef = 5FE3C8551ED48E000027348C /* test.mp4 */; };
		5FE3C85A1ED4A1860027348C /* VideoCompositionController.swift in Sources */ = {isa = PBXBuildFile; fileRef = 5FE3C8591ED4A1860027348C /* VideoCompositionController.swift */; };
		5FE3C85C1ED4DAF00027348C /* PlayerView.swift in Sources */ = {isa = PBXBuildFile; fileRef = 5FE3C85B1ED4DAF00027348C /* PlayerView.swift */; };
		5FE3C85E1ED4F3E90027348C /* PreviewFinalVideoView.swift in Sources */ = {isa = PBXBuildFile; fileRef = 5FE3C85D1ED4F3E90027348C /* PreviewFinalVideoView.swift */; };
/* End PBXBuildFile section */

/* Begin PBXFileReference section */
		5FE3C82D1ED3A8AB0027348C /* Stutter.app */ = {isa = PBXFileReference; explicitFileType = wrapper.application; includeInIndex = 0; path = Stutter.app; sourceTree = BUILT_PRODUCTS_DIR; };
		5FE3C8301ED3A8AB0027348C /* AppDelegate.swift */ = {isa = PBXFileReference; lastKnownFileType = sourcecode.swift; path = AppDelegate.swift; sourceTree = "<group>"; };
		5FE3C8321ED3A8AB0027348C /* ViewController.swift */ = {isa = PBXFileReference; lastKnownFileType = sourcecode.swift; path = ViewController.swift; sourceTree = "<group>"; };
		5FE3C8351ED3A8AB0027348C /* Base */ = {isa = PBXFileReference; lastKnownFileType = file.storyboard; name = Base; path = Base.lproj/Main.storyboard; sourceTree = "<group>"; };
		5FE3C8371ED3A8AB0027348C /* Assets.xcassets */ = {isa = PBXFileReference; lastKnownFileType = folder.assetcatalog; path = Assets.xcassets; sourceTree = "<group>"; };
		5FE3C83A1ED3A8AB0027348C /* Base */ = {isa = PBXFileReference; lastKnownFileType = file.storyboard; name = Base; path = Base.lproj/LaunchScreen.storyboard; sourceTree = "<group>"; };
		5FE3C83C1ED3A8AB0027348C /* Info.plist */ = {isa = PBXFileReference; lastKnownFileType = text.plist.xml; path = Info.plist; sourceTree = "<group>"; };
		5FE3C8441ED3DE840027348C /* Base */ = {isa = PBXFileReference; lastKnownFileType = sourcecode.swift; name = Base; path = Base.lproj/FlipperView.swift; sourceTree = "<group>"; };
		5FE3C8451ED3E6C30027348C /* CameraView.swift */ = {isa = PBXFileReference; fileEncoding = 4; lastKnownFileType = sourcecode.swift; path = CameraView.swift; sourceTree = "<group>"; };
		5FE3C8471ED3E7970027348C /* ExportView.swift */ = {isa = PBXFileReference; fileEncoding = 4; lastKnownFileType = sourcecode.swift; path = ExportView.swift; sourceTree = "<group>"; };
		5FE3C8491ED3E8110027348C /* PlayButtonsView.swift */ = {isa = PBXFileReference; fileEncoding = 4; lastKnownFileType = sourcecode.swift; path = PlayButtonsView.swift; sourceTree = "<group>"; };
		5FE3C84B1ED3E8940027348C /* ScrubberView.swift */ = {isa = PBXFileReference; fileEncoding = 4; lastKnownFileType = sourcecode.swift; path = ScrubberView.swift; sourceTree = "<group>"; };
		5FE3C84D1ED3E8F40027348C /* ProgressView.swift */ = {isa = PBXFileReference; fileEncoding = 4; lastKnownFileType = sourcecode.swift; path = ProgressView.swift; sourceTree = "<group>"; };
		5FE3C8511ED40CBD0027348C /* UIView+.swift */ = {isa = PBXFileReference; fileEncoding = 4; lastKnownFileType = sourcecode.swift; path = "UIView+.swift"; sourceTree = "<group>"; };
		5FE3C8531ED41F6C0027348C /* PlaybackBarView.swift */ = {isa = PBXFileReference; fileEncoding = 4; lastKnownFileType = sourcecode.swift; path = PlaybackBarView.swift; sourceTree = "<group>"; };
		5FE3C8551ED48E000027348C /* test.mp4 */ = {isa = PBXFileReference; lastKnownFileType = file; path = test.mp4; sourceTree = "<group>"; };
		5FE3C8591ED4A1860027348C /* VideoCompositionController.swift */ = {isa = PBXFileReference; fileEncoding = 4; lastKnownFileType = sourcecode.swift; path = VideoCompositionController.swift; sourceTree = "<group>"; };
		5FE3C85B1ED4DAF00027348C /* PlayerView.swift */ = {isa = PBXFileReference; fileEncoding = 4; lastKnownFileType = sourcecode.swift; path = PlayerView.swift; sourceTree = "<group>"; };
		5FE3C85D1ED4F3E90027348C /* PreviewFinalVideoView.swift */ = {isa = PBXFileReference; fileEncoding = 4; lastKnownFileType = sourcecode.swift; path = PreviewFinalVideoView.swift; sourceTree = "<group>"; };
/* End PBXFileReference section */

/* Begin PBXFrameworksBuildPhase section */
		5FE3C82A1ED3A8AB0027348C /* Frameworks */ = {
			isa = PBXFrameworksBuildPhase;
			buildActionMask = 2147483647;
			files = (
			);
			runOnlyForDeploymentPostprocessing = 0;
		};
/* End PBXFrameworksBuildPhase section */

/* Begin PBXGroup section */
		5FE3C8241ED3A8AB0027348C = {
			isa = PBXGroup;
			children = (
				5FE3C82F1ED3A8AB0027348C /* Stutter */,
				5FE3C82E1ED3A8AB0027348C /* Products */,
			);
			sourceTree = "<group>";
		};
		5FE3C82E1ED3A8AB0027348C /* Products */ = {
			isa = PBXGroup;
			children = (
				5FE3C82D1ED3A8AB0027348C /* Stutter.app */,
			);
			name = Products;
			sourceTree = "<group>";
		};
		5FE3C82F1ED3A8AB0027348C /* Stutter */ = {
			isa = PBXGroup;
			children = (
				5FE3C8581ED4A1770027348C /* Controllers */,
				5FE3C8561ED48E050027348C /* Resources */,
				5FE3C8501ED40CAE0027348C /* Extensions */,
				5FE3C84F1ED3F42F0027348C /* View Controllers */,
				5FE3C8421ED3DE680027348C /* Views */,
				5FE3C8301ED3A8AB0027348C /* AppDelegate.swift */,
				5FE3C8341ED3A8AB0027348C /* Main.storyboard */,
				5FE3C8371ED3A8AB0027348C /* Assets.xcassets */,
				5FE3C8391ED3A8AB0027348C /* LaunchScreen.storyboard */,
				5FE3C83C1ED3A8AB0027348C /* Info.plist */,
			);
			path = Stutter;
			sourceTree = "<group>";
		};
		5FE3C8421ED3DE680027348C /* Views */ = {
			isa = PBXGroup;
			children = (
				5FE3C8431ED3DE840027348C /* FlipperView.swift */,
				5FE3C8451ED3E6C30027348C /* CameraView.swift */,
				5FE3C8471ED3E7970027348C /* ExportView.swift */,
				5FE3C8491ED3E8110027348C /* PlayButtonsView.swift */,
				5FE3C84B1ED3E8940027348C /* ScrubberView.swift */,
				5FE3C84D1ED3E8F40027348C /* ProgressView.swift */,
				5FE3C8531ED41F6C0027348C /* PlaybackBarView.swift */,
				5FE3C85B1ED4DAF00027348C /* PlayerView.swift */,
				5FE3C85D1ED4F3E90027348C /* PreviewFinalVideoView.swift */,
			);
			name = Views;
			sourceTree = "<group>";
		};
		5FE3C84F1ED3F42F0027348C /* View Controllers */ = {
			isa = PBXGroup;
			children = (
				5FE3C8321ED3A8AB0027348C /* ViewController.swift */,
			);
			name = "View Controllers";
			sourceTree = "<group>";
		};
		5FE3C8501ED40CAE0027348C /* Extensions */ = {
			isa = PBXGroup;
			children = (
				5FE3C8511ED40CBD0027348C /* UIView+.swift */,
			);
			name = Extensions;
			sourceTree = "<group>";
		};
		5FE3C8561ED48E050027348C /* Resources */ = {
			isa = PBXGroup;
			children = (
				5FE3C8551ED48E000027348C /* test.mp4 */,
			);
			name = Resources;
			sourceTree = "<group>";
		};
		5FE3C8581ED4A1770027348C /* Controllers */ = {
			isa = PBXGroup;
			children = (
				5FE3C8591ED4A1860027348C /* VideoCompositionController.swift */,
			);
			name = Controllers;
			sourceTree = "<group>";
		};
/* End PBXGroup section */

/* Begin PBXNativeTarget section */
		5FE3C82C1ED3A8AB0027348C /* Stutter */ = {
			isa = PBXNativeTarget;
			buildConfigurationList = 5FE3C83F1ED3A8AB0027348C /* Build configuration list for PBXNativeTarget "Stutter" */;
			buildPhases = (
				5FE3C8291ED3A8AB0027348C /* Sources */,
				5FE3C82A1ED3A8AB0027348C /* Frameworks */,
				5FE3C82B1ED3A8AB0027348C /* Resources */,
			);
			buildRules = (
			);
			dependencies = (
			);
			name = Stutter;
			productName = Stutter;
			productReference = 5FE3C82D1ED3A8AB0027348C /* Stutter.app */;
			productType = "com.apple.product-type.application";
		};
/* End PBXNativeTarget section */

/* Begin PBXProject section */
		5FE3C8251ED3A8AB0027348C /* Project object */ = {
			isa = PBXProject;
			attributes = {
				LastSwiftUpdateCheck = 0830;
				LastUpgradeCheck = 0830;
				ORGANIZATIONNAME = com.paubins.Stutter;
				TargetAttributes = {
					5FE3C82C1ED3A8AB0027348C = {
						CreatedOnToolsVersion = 8.3.1;
						DevelopmentTeam = 3XSPEUHQ6Y;
						ProvisioningStyle = Automatic;
					};
				};
			};
			buildConfigurationList = 5FE3C8281ED3A8AB0027348C /* Build configuration list for PBXProject "Stutter" */;
			compatibilityVersion = "Xcode 3.2";
			developmentRegion = English;
			hasScannedForEncodings = 0;
			knownRegions = (
				en,
				Base,
			);
			mainGroup = 5FE3C8241ED3A8AB0027348C;
			productRefGroup = 5FE3C82E1ED3A8AB0027348C /* Products */;
			projectDirPath = "";
			projectRoot = "";
			targets = (
				5FE3C82C1ED3A8AB0027348C /* Stutter */,
			);
		};
/* End PBXProject section */

/* Begin PBXResourcesBuildPhase section */
		5FE3C82B1ED3A8AB0027348C /* Resources */ = {
			isa = PBXResourcesBuildPhase;
			buildActionMask = 2147483647;
			files = (
				5FE3C8571ED48E220027348C /* test.mp4 in Resources */,
				5FE3C83B1ED3A8AB0027348C /* LaunchScreen.storyboard in Resources */,
				5FE3C8381ED3A8AB0027348C /* Assets.xcassets in Resources */,
				5FE3C8361ED3A8AB0027348C /* Main.storyboard in Resources */,
			);
			runOnlyForDeploymentPostprocessing = 0;
		};
/* End PBXResourcesBuildPhase section */

/* Begin PBXSourcesBuildPhase section */
		5FE3C8291ED3A8AB0027348C /* Sources */ = {
			isa = PBXSourcesBuildPhase;
			buildActionMask = 2147483647;
			files = (
				5FE3C84C1ED3E8940027348C /* ScrubberView.swift in Sources */,
				5FE3C8481ED3E7970027348C /* ExportView.swift in Sources */,
				5FE3C8461ED3E6C30027348C /* CameraView.swift in Sources */,
				5FE3C85C1ED4DAF00027348C /* PlayerView.swift in Sources */,
				5FE3C8331ED3A8AB0027348C /* ViewController.swift in Sources */,
				5FE3C8521ED40CBD0027348C /* UIView+.swift in Sources */,
				5FE3C84E1ED3E8F40027348C /* ProgressView.swift in Sources */,
				5FE3C84A1ED3E8110027348C /* PlayButtonsView.swift in Sources */,
				5FE3C85E1ED4F3E90027348C /* PreviewFinalVideoView.swift in Sources */,
				5FE3C8541ED41F6C0027348C /* PlaybackBarView.swift in Sources */,
				5FE3C85A1ED4A1860027348C /* VideoCompositionController.swift in Sources */,
				5FE3C8311ED3A8AB0027348C /* AppDelegate.swift in Sources */,
			);
			runOnlyForDeploymentPostprocessing = 0;
		};
/* End PBXSourcesBuildPhase section */

/* Begin PBXVariantGroup section */
		5FE3C8341ED3A8AB0027348C /* Main.storyboard */ = {
			isa = PBXVariantGroup;
			children = (
				5FE3C8351ED3A8AB0027348C /* Base */,
			);
			name = Main.storyboard;
			sourceTree = "<group>";
		};
		5FE3C8391ED3A8AB0027348C /* LaunchScreen.storyboard */ = {
			isa = PBXVariantGroup;
			children = (
				5FE3C83A1ED3A8AB0027348C /* Base */,
			);
			name = LaunchScreen.storyboard;
			sourceTree = "<group>";
		};
		5FE3C8431ED3DE840027348C /* FlipperView.swift */ = {
			isa = PBXVariantGroup;
			children = (
				5FE3C8441ED3DE840027348C /* Base */,
			);
			name = FlipperView.swift;
			sourceTree = "<group>";
		};
/* End PBXVariantGroup section */

/* Begin XCBuildConfiguration section */
		5FE3C83D1ED3A8AB0027348C /* Debug */ = {
			isa = XCBuildConfiguration;
			buildSettings = {
				ALWAYS_SEARCH_USER_PATHS = NO;
				CLANG_ANALYZER_NONNULL = YES;
				CLANG_ANALYZER_NUMBER_OBJECT_CONVERSION = YES_AGGRESSIVE;
				CLANG_CXX_LANGUAGE_STANDARD = "gnu++0x";
				CLANG_CXX_LIBRARY = "libc++";
				CLANG_ENABLE_MODULES = YES;
				CLANG_ENABLE_OBJC_ARC = YES;
				CLANG_WARN_BOOL_CONVERSION = YES;
				CLANG_WARN_CONSTANT_CONVERSION = YES;
				CLANG_WARN_DIRECT_OBJC_ISA_USAGE = YES_ERROR;
				CLANG_WARN_DOCUMENTATION_COMMENTS = YES;
				CLANG_WARN_EMPTY_BODY = YES;
				CLANG_WARN_ENUM_CONVERSION = YES;
				CLANG_WARN_INFINITE_RECURSION = YES;
				CLANG_WARN_INT_CONVERSION = YES;
				CLANG_WARN_OBJC_ROOT_CLASS = YES_ERROR;
				CLANG_WARN_SUSPICIOUS_MOVE = YES;
				CLANG_WARN_UNREACHABLE_CODE = YES;
				CLANG_WARN__DUPLICATE_METHOD_MATCH = YES;
				"CODE_SIGN_IDENTITY[sdk=iphoneos*]" = "iPhone Developer";
				COPY_PHASE_STRIP = NO;
				DEBUG_INFORMATION_FORMAT = dwarf;
				ENABLE_STRICT_OBJC_MSGSEND = YES;
				ENABLE_TESTABILITY = YES;
				GCC_C_LANGUAGE_STANDARD = gnu99;
				GCC_DYNAMIC_NO_PIC = NO;
				GCC_NO_COMMON_BLOCKS = YES;
				GCC_OPTIMIZATION_LEVEL = 0;
				GCC_PREPROCESSOR_DEFINITIONS = (
					"DEBUG=1",
					"$(inherited)",
				);
				GCC_WARN_64_TO_32_BIT_CONVERSION = YES;
				GCC_WARN_ABOUT_RETURN_TYPE = YES_ERROR;
				GCC_WARN_UNDECLARED_SELECTOR = YES;
				GCC_WARN_UNINITIALIZED_AUTOS = YES_AGGRESSIVE;
				GCC_WARN_UNUSED_FUNCTION = YES;
				GCC_WARN_UNUSED_VARIABLE = YES;
				IPHONEOS_DEPLOYMENT_TARGET = 10.3;
				MTL_ENABLE_DEBUG_INFO = YES;
				ONLY_ACTIVE_ARCH = YES;
				SDKROOT = iphoneos;
				SWIFT_ACTIVE_COMPILATION_CONDITIONS = DEBUG;
				SWIFT_OPTIMIZATION_LEVEL = "-Onone";
			};
			name = Debug;
		};
		5FE3C83E1ED3A8AB0027348C /* Release */ = {
			isa = XCBuildConfiguration;
			buildSettings = {
				ALWAYS_SEARCH_USER_PATHS = NO;
				CLANG_ANALYZER_NONNULL = YES;
				CLANG_ANALYZER_NUMBER_OBJECT_CONVERSION = YES_AGGRESSIVE;
				CLANG_CXX_LANGUAGE_STANDARD = "gnu++0x";
				CLANG_CXX_LIBRARY = "libc++";
				CLANG_ENABLE_MODULES = YES;
				CLANG_ENABLE_OBJC_ARC = YES;
				CLANG_WARN_BOOL_CONVERSION = YES;
				CLANG_WARN_CONSTANT_CONVERSION = YES;
				CLANG_WARN_DIRECT_OBJC_ISA_USAGE = YES_ERROR;
				CLANG_WARN_DOCUMENTATION_COMMENTS = YES;
				CLANG_WARN_EMPTY_BODY = YES;
				CLANG_WARN_ENUM_CONVERSION = YES;
				CLANG_WARN_INFINITE_RECURSION = YES;
				CLANG_WARN_INT_CONVERSION = YES;
				CLANG_WARN_OBJC_ROOT_CLASS = YES_ERROR;
				CLANG_WARN_SUSPICIOUS_MOVE = YES;
				CLANG_WARN_UNREACHABLE_CODE = YES;
				CLANG_WARN__DUPLICATE_METHOD_MATCH = YES;
				"CODE_SIGN_IDENTITY[sdk=iphoneos*]" = "iPhone Developer";
				COPY_PHASE_STRIP = NO;
				DEBUG_INFORMATION_FORMAT = "dwarf-with-dsym";
				ENABLE_NS_ASSERTIONS = NO;
				ENABLE_STRICT_OBJC_MSGSEND = YES;
				GCC_C_LANGUAGE_STANDARD = gnu99;
				GCC_NO_COMMON_BLOCKS = YES;
				GCC_WARN_64_TO_32_BIT_CONVERSION = YES;
				GCC_WARN_ABOUT_RETURN_TYPE = YES_ERROR;
				GCC_WARN_UNDECLARED_SELECTOR = YES;
				GCC_WARN_UNINITIALIZED_AUTOS = YES_AGGRESSIVE;
				GCC_WARN_UNUSED_FUNCTION = YES;
				GCC_WARN_UNUSED_VARIABLE = YES;
				IPHONEOS_DEPLOYMENT_TARGET = 10.3;
				MTL_ENABLE_DEBUG_INFO = NO;
				SDKROOT = iphoneos;
				SWIFT_OPTIMIZATION_LEVEL = "-Owholemodule";
				VALIDATE_PRODUCT = YES;
			};
			name = Release;
		};
		5FE3C8401ED3A8AB0027348C /* Debug */ = {
			isa = XCBuildConfiguration;
			buildSettings = {
				ASSETCATALOG_COMPILER_APPICON_NAME = AppIcon;
				DEVELOPMENT_TEAM = 3XSPEUHQ6Y;
				INFOPLIST_FILE = Stutter/Info.plist;
				LD_RUNPATH_SEARCH_PATHS = "$(inherited) @executable_path/Frameworks";
				PRODUCT_BUNDLE_IDENTIFIER = com.paubins.Stutter;
				PRODUCT_NAME = "$(TARGET_NAME)";
				SWIFT_VERSION = 3.0;
			};
			name = Debug;
		};
		5FE3C8411ED3A8AB0027348C /* Release */ = {
			isa = XCBuildConfiguration;
			buildSettings = {
				ASSETCATALOG_COMPILER_APPICON_NAME = AppIcon;
				DEVELOPMENT_TEAM = 3XSPEUHQ6Y;
				INFOPLIST_FILE = Stutter/Info.plist;
				LD_RUNPATH_SEARCH_PATHS = "$(inherited) @executable_path/Frameworks";
				PRODUCT_BUNDLE_IDENTIFIER = com.paubins.Stutter;
				PRODUCT_NAME = "$(TARGET_NAME)";
				SWIFT_VERSION = 3.0;
			};
			name = Release;
		};
/* End XCBuildConfiguration section */

/* Begin XCConfigurationList section */
		5FE3C8281ED3A8AB0027348C /* Build configuration list for PBXProject "Stutter" */ = {
			isa = XCConfigurationList;
			buildConfigurations = (
				5FE3C83D1ED3A8AB0027348C /* Debug */,
				5FE3C83E1ED3A8AB0027348C /* Release */,
			);
			defaultConfigurationIsVisible = 0;
			defaultConfigurationName = Release;
		};
		5FE3C83F1ED3A8AB0027348C /* Build configuration list for PBXNativeTarget "Stutter" */ = {
			isa = XCConfigurationList;
			buildConfigurations = (
				5FE3C8401ED3A8AB0027348C /* Debug */,
				5FE3C8411ED3A8AB0027348C /* Release */,
			);
			defaultConfigurationIsVisible = 0;
		};
/* End XCConfigurationList section */
	};
	rootObject = 5FE3C8251ED3A8AB0027348C /* Project object */;
}
